
Microsoft Visual Studio Solution File, Format Version 12.00
# Visual Studio Version 17
VisualStudioVersion = 17.11.35327.3
MinimumVisualStudioVersion = 10.0.40219.1
Project("{FAE04EC0-301F-11D3-BF4B-00C04F79EFBC}") = "AsistCargas", "AsistCargas\AsistCargas.csproj", "{D0F4DF55-ABC7-49B9-BA27-827444C79CAD}"
EndProject
Global
	GlobalSection(SolutionConfigurationPlatforms) = preSolution
		Debug|Any CPU = Debug|Any CPU
		Release|Any CPU = Release|Any CPU
	EndGlobalSection
	GlobalSection(ProjectConfigurationPlatforms) = postSolution
		{D0F4DF55-ABC7-49B9-BA27-827444C79CAD}.Debug|Any CPU.ActiveCfg = Debug|Any CPU
		{D0F4DF55-ABC7-49B9-BA27-827444C79CAD}.Debug|Any CPU.Build.0 = Debug|Any CPU
		{D0F4DF55-ABC7-49B9-BA27-827444C79CAD}.Release|Any CPU.ActiveCfg = Release|Any CPU
		{D0F4DF55-ABC7-49B9-BA27-827444C79CAD}.Release|Any CPU.Build.0 = Release|Any CPU
	EndGlobalSection
	GlobalSection(SolutionProperties) = preSolution
		HideSolutionNode = FALSE
	EndGlobalSection
	GlobalSection(ExtensibilityGlobals) = postSolution
		SolutionGuid = {D2192DE4-7668-4804-BE97-C1F63A1C5192}
	EndGlobalSection
EndGlobal
